
Microsoft Visual Studio Solution File, Format Version 12.00
Project("{FAE04EC0-301F-11D3-BF4B-00C04F79EFBC}") = "chain_of_responsibility", "chain_of_responsibility.csproj", "{EA032CA1-9091-483E-A7CE-4E13797ABA9A}"
EndProject
Global
	GlobalSection(SolutionConfigurationPlatforms) = preSolution
		Debug|Any CPU = Debug|Any CPU
		Release|Any CPU = Release|Any CPU
	EndGlobalSection
	GlobalSection(ProjectConfigurationPlatforms) = postSolution
		{EA032CA1-9091-483E-A7CE-4E13797ABA9A}.Debug|Any CPU.ActiveCfg = Debug|Any CPU
		{EA032CA1-9091-483E-A7CE-4E13797ABA9A}.Debug|Any CPU.Build.0 = Debug|Any CPU
		{EA032CA1-9091-483E-A7CE-4E13797ABA9A}.Release|Any CPU.ActiveCfg = Release|Any CPU
		{EA032CA1-9091-483E-A7CE-4E13797ABA9A}.Release|Any CPU.Build.0 = Release|Any CPU
	EndGlobalSection
EndGlobal
