
Microsoft Visual Studio Solution File, Format Version 12.00
Project("{FAE04EC0-301F-11D3-BF4B-00C04F79EFBC}") = "visitor", "visitor.csproj", "{8F911B8B-CB73-42B3-95B7-EFFC4B1BB326}"
EndProject
Global
	GlobalSection(SolutionConfigurationPlatforms) = preSolution
		Debug|Any CPU = Debug|Any CPU
		Release|Any CPU = Release|Any CPU
	EndGlobalSection
	GlobalSection(ProjectConfigurationPlatforms) = postSolution
		{8F911B8B-CB73-42B3-95B7-EFFC4B1BB326}.Debug|Any CPU.ActiveCfg = Debug|Any CPU
		{8F911B8B-CB73-42B3-95B7-EFFC4B1BB326}.Debug|Any CPU.Build.0 = Debug|Any CPU
		{8F911B8B-CB73-42B3-95B7-EFFC4B1BB326}.Release|Any CPU.ActiveCfg = Release|Any CPU
		{8F911B8B-CB73-42B3-95B7-EFFC4B1BB326}.Release|Any CPU.Build.0 = Release|Any CPU
	EndGlobalSection
EndGlobal
